Microsoft Visual Studio Solution File, Format Version 12.00
# Visual Studio Version 17
VisualStudioVersion = 17.9.34728.123
MinimumVisualStudioVersion = 10.0.40219.1
Project("{8BC9CEB8-8B4A-11D0-8D11-00A0C91BC942}") = "Coercri", "Coercri\Coercri.vcxproj", "{97A898FE-D684-42B1-9F9B-B8706436F78C}"
EndProject
Project("{8BC9CEB8-8B4A-11D0-8D11-00A0C91BC942}") = "Misc", "Misc\Misc.vcxproj", "{BC217BEA-9135-4266-B150-75F0450B2366}"
EndProject
Project("{8BC9CEB8-8B4A-11D0-8D11-00A0C91BC942}") = "RStream", "RStream\RStream.vcxproj", "{013A3A7A-553C-4D09-9BE8-08B533577E32}"
EndProject
Project("{8BC9CEB8-8B4A-11D0-8D11-00A0C91BC942}") = "guichan", "guichan\guichan.vcxproj", "{BDA2EF81-E5FA-4215-90B8-84EFF005BDB1}"
EndProject
Project("{8BC9CEB8-8B4A-11D0-8D11-00A0C91BC942}") = "KnightsEngine", "KnightsEngine\KnightsEngine.vcxproj", "{88BEEE97-63E6-4949-886F-580AC6035687}"
EndProject
Project("{8BC9CEB8-8B4A-11D0-8D11-00A0C91BC942}") = "KnightsMain", "KnightsMain\KnightsMain.vcxproj", "{ABE943FA-D9BE-45D9-94FC-7401C2A6F20F}"
	ProjectSection(ProjectDependencies) = postProject
		{61A51FA4-8549-417B-B4EF-ACA1DC9B0616} = {61A51FA4-8549-417B-B4EF-ACA1DC9B0616}
	EndProjectSection
EndProject
Project("{8BC9CEB8-8B4A-11D0-8D11-00A0C91BC942}") = "KnightsShared", "KnightsShared\KnightsShared.vcxproj", "{AE365D55-9853-4336-AF95-222E286EBE61}"
EndProject
Project("{8BC9CEB8-8B4A-11D0-8D11-00A0C91BC942}") = "KnightsClient", "KnightsClient\KnightsClient.vcxproj", "{39CC8ADB-5D60-430D-8A2F-E8546049AC5A}"
EndProject
Project("{8BC9CEB8-8B4A-11D0-8D11-00A0C91BC942}") = "KnightsServer", "KnightsServer\KnightsServer.vcxproj", "{B4BD454E-B242-456C-93A8-0160B6604614}"
EndProject
Project("{8BC9CEB8-8B4A-11D0-8D11-00A0C91BC942}") = "KnightsSvrMain", "KnightsSvrMain\KnightsSvrMain.vcxproj", "{AAD7A2D3-F662-4369-8912-0D2DBD06206F}"
	ProjectSection(ProjectDependencies) = postProject
		{97A898FE-D684-42B1-9F9B-B8706436F78C} = {97A898FE-D684-42B1-9F9B-B8706436F78C}
		{BC217BEA-9135-4266-B150-75F0450B2366} = {BC217BEA-9135-4266-B150-75F0450B2366}
	EndProjectSection
EndProject
Project("{8BC9CEB8-8B4A-11D0-8D11-00A0C91BC942}") = "NetworkTest", "NetworkTest\NetworkTest.vcxproj", "{39F03EC5-5C29-4033-AEB6-156808E0D72F}"
EndProject
Project("{8BC9CEB8-8B4A-11D0-8D11-00A0C91BC942}") = "KnightsLobby", "KnightsLobby\KnightsLobby.vcxproj", "{61A51FA4-8549-417B-B4EF-ACA1DC9B0616}"
EndProject
Global
	GlobalSection(SolutionConfigurationPlatforms) = preSolution
		Debug|x64 = Debug|x64
		Release|x64 = Release|x64
	EndGlobalSection
	GlobalSection(ProjectConfigurationPlatforms) = postSolution
		{97A898FE-D684-42B1-9F9B-B8706436F78C}.Debug|x64.ActiveCfg = Debug|x64
		{97A898FE-D684-42B1-9F9B-B8706436F78C}.Debug|x64.Build.0 = Debug|x64
		{97A898FE-D684-42B1-9F9B-B8706436F78C}.Release|x64.ActiveCfg = Release|x64
		{97A898FE-D684-42B1-9F9B-B8706436F78C}.Release|x64.Build.0 = Release|x64
		{BC217BEA-9135-4266-B150-75F0450B2366}.Debug|x64.ActiveCfg = Debug|x64
		{BC217BEA-9135-4266-B150-75F0450B2366}.Debug|x64.Build.0 = Debug|x64
		{BC217BEA-9135-4266-B150-75F0450B2366}.Release|x64.ActiveCfg = Release|x64
		{BC217BEA-9135-4266-B150-75F0450B2366}.Release|x64.Build.0 = Release|x64
		{013A3A7A-553C-4D09-9BE8-08B533577E32}.Debug|x64.ActiveCfg = Debug|x64
		{013A3A7A-553C-4D09-9BE8-08B533577E32}.Debug|x64.Build.0 = Debug|x64
		{013A3A7A-553C-4D09-9BE8-08B533577E32}.Release|x64.ActiveCfg = Release|x64
		{013A3A7A-553C-4D09-9BE8-08B533577E32}.Release|x64.Build.0 = Release|x64
		{BDA2EF81-E5FA-4215-90B8-84EFF005BDB1}.Debug|x64.ActiveCfg = Debug|x64
		{BDA2EF81-E5FA-4215-90B8-84EFF005BDB1}.Debug|x64.Build.0 = Debug|x64
		{BDA2EF81-E5FA-4215-90B8-84EFF005BDB1}.Release|x64.ActiveCfg = Release|x64
		{BDA2EF81-E5FA-4215-90B8-84EFF005BDB1}.Release|x64.Build.0 = Release|x64
		{88BEEE97-63E6-4949-886F-580AC6035687}.Debug|x64.ActiveCfg = Debug|x64
		{88BEEE97-63E6-4949-886F-580AC6035687}.Debug|x64.Build.0 = Debug|x64
		{88BEEE97-63E6-4949-886F-580AC6035687}.Release|x64.ActiveCfg = Release|x64
		{88BEEE97-63E6-4949-886F-580AC6035687}.Release|x64.Build.0 = Release|x64
		{ABE943FA-D9BE-45D9-94FC-7401C2A6F20F}.Debug|x64.ActiveCfg = Debug|x64
		{ABE943FA-D9BE-45D9-94FC-7401C2A6F20F}.Debug|x64.Build.0 = Debug|x64
		{ABE943FA-D9BE-45D9-94FC-7401C2A6F20F}.Release|x64.ActiveCfg = Release|x64
		{ABE943FA-D9BE-45D9-94FC-7401C2A6F20F}.Release|x64.Build.0 = Release|x64
		{AE365D55-9853-4336-AF95-222E286EBE61}.Debug|x64.ActiveCfg = Debug|x64
		{AE365D55-9853-4336-AF95-222E286EBE61}.Debug|x64.Build.0 = Debug|x64
		{AE365D55-9853-4336-AF95-222E286EBE61}.Release|x64.ActiveCfg = Release|x64
		{AE365D55-9853-4336-AF95-222E286EBE61}.Release|x64.Build.0 = Release|x64
		{39CC8ADB-5D60-430D-8A2F-E8546049AC5A}.Debug|x64.ActiveCfg = Debug|x64
		{39CC8ADB-5D60-430D-8A2F-E8546049AC5A}.Debug|x64.Build.0 = Debug|x64
		{39CC8ADB-5D60-430D-8A2F-E8546049AC5A}.Release|x64.ActiveCfg = Release|x64
		{39CC8ADB-5D60-430D-8A2F-E8546049AC5A}.Release|x64.Build.0 = Release|x64
		{B4BD454E-B242-456C-93A8-0160B6604614}.Debug|x64.ActiveCfg = Debug|x64
		{B4BD454E-B242-456C-93A8-0160B6604614}.Debug|x64.Build.0 = Debug|x64
		{B4BD454E-B242-456C-93A8-0160B6604614}.Release|x64.ActiveCfg = Release|x64
		{B4BD454E-B242-456C-93A8-0160B6604614}.Release|x64.Build.0 = Release|x64
		{AAD7A2D3-F662-4369-8912-0D2DBD06206F}.Debug|x64.ActiveCfg = Debug|x64
		{AAD7A2D3-F662-4369-8912-0D2DBD06206F}.Debug|x64.Build.0 = Debug|x64
		{AAD7A2D3-F662-4369-8912-0D2DBD06206F}.Release|x64.ActiveCfg = Release|x64
		{AAD7A2D3-F662-4369-8912-0D2DBD06206F}.Release|x64.Build.0 = Release|x64
		{39F03EC5-5C29-4033-AEB6-156808E0D72F}.Debug|x64.ActiveCfg = Debug|x64
		{39F03EC5-5C29-4033-AEB6-156808E0D72F}.Debug|x64.Build.0 = Debug|x64
		{39F03EC5-5C29-4033-AEB6-156808E0D72F}.Release|x64.ActiveCfg = Release|x64
		{39F03EC5-5C29-4033-AEB6-156808E0D72F}.Release|x64.Build.0 = Release|x64
		{61A51FA4-8549-417B-B4EF-ACA1DC9B0616}.Debug|x64.ActiveCfg = Debug|x64
		{61A51FA4-8549-417B-B4EF-ACA1DC9B0616}.Debug|x64.Build.0 = Debug|x64
		{61A51FA4-8549-417B-B4EF-ACA1DC9B0616}.Release|x64.ActiveCfg = Release|x64
		{61A51FA4-8549-417B-B4EF-ACA1DC9B0616}.Release|x64.Build.0 = Release|x64
	EndGlobalSection
	GlobalSection(SolutionProperties) = preSolution
		HideSolutionNode = FALSE
	EndGlobalSection
	GlobalSection(ExtensibilityGlobals) = postSolution
		SolutionGuid = {F5E21F1F-1FE5-4FA9-A29E-FD256030EECD}
	EndGlobalSection
EndGlobal
